// !$*UTF8*$!
{
	archiveVersion = 1;
	classes = {
	};
	objectVersion = 50;
	objects = {

/* Begin PBXBuildFile section */
		5C2FC94320B91EED00C99D5F /* AppDelegate.swift in Sources */ = {isa = PBXBuildFile; fileRef = 5C2FC94220B91EED00C99D5F /* AppDelegate.swift */; };
		5C2FC94A20B91EEE00C99D5F /* Assets.xcassets in Resources */ = {isa = PBXBuildFile; fileRef = 5C2FC94920B91EEE00C99D5F /* Assets.xcassets */; };
		5C2FC94D20B91EEE00C99D5F /* LaunchScreen.storyboard in Resources */ = {isa = PBXBuildFile; fileRef = 5C2FC94B20B91EEE00C99D5F /* LaunchScreen.storyboard */; };
		5C2FC95820B91EEE00C99D5F /* ToiletBookTests.swift in Sources */ = {isa = PBXBuildFile; fileRef = 5C2FC95720B91EEE00C99D5F /* ToiletBookTests.swift */; };
		5C2FC96320B91EEE00C99D5F /* ToiletBookUITests.swift in Sources */ = {isa = PBXBuildFile; fileRef = 5C2FC96220B91EEE00C99D5F /* ToiletBookUITests.swift */; };
		5C2FC97220B9218C00C99D5F /* NetworkManager.swift in Sources */ = {isa = PBXBuildFile; fileRef = 5C2FC97120B9218C00C99D5F /* NetworkManager.swift */; };
		5C2FC97720B9261300C99D5F /* Washroom.swift in Sources */ = {isa = PBXBuildFile; fileRef = 5C2FC97620B9261300C99D5F /* Washroom.swift */; };
		5C2FC97920B9318700C99D5F /* String+.swift in Sources */ = {isa = PBXBuildFile; fileRef = 5C2FC97820B9318700C99D5F /* String+.swift */; };
		5C2FC97F20B93B0700C99D5F /* LandingPageViewController.swift in Sources */ = {isa = PBXBuildFile; fileRef = 5C2FC97E20B93B0700C99D5F /* LandingPageViewController.swift */; };
		5C2FC98120B93B1000C99D5F /* LandingPage.storyboard in Resources */ = {isa = PBXBuildFile; fileRef = 5C2FC98020B93B1000C99D5F /* LandingPage.storyboard */; };
		5C2FC98820B945CC00C99D5F /* LandingPageTableViewCell.swift in Sources */ = {isa = PBXBuildFile; fileRef = 5C2FC98620B945CC00C99D5F /* LandingPageTableViewCell.swift */; };
		5C2FC98920B945CC00C99D5F /* LandingPageTableViewCell.xib in Resources */ = {isa = PBXBuildFile; fileRef = 5C2FC98720B945CC00C99D5F /* LandingPageTableViewCell.xib */; };
		5C2FC98B20B947EC00C99D5F /* Establishment.swift in Sources */ = {isa = PBXBuildFile; fileRef = 5C2FC98A20B947EC00C99D5F /* Establishment.swift */; };
		5C2FC99020B9566800C99D5F /* ToiletsViewController.swift in Sources */ = {isa = PBXBuildFile; fileRef = 5C2FC98F20B9566800C99D5F /* ToiletsViewController.swift */; };
		5C2FC99420B95C8C00C99D5F /* ToiletTableViewCell.xib in Resources */ = {isa = PBXBuildFile; fileRef = 5C2FC99220B95C8C00C99D5F /* ToiletTableViewCell.xib */; };
		5C2FC99A20B9627900C99D5F /* StarView.swift in Sources */ = {isa = PBXBuildFile; fileRef = 5C2FC99920B9627900C99D5F /* StarView.swift */; };
		5C2FC99C20B9632800C99D5F /* StarView.xib in Resources */ = {isa = PBXBuildFile; fileRef = 5C2FC99B20B9632800C99D5F /* StarView.xib */; };
		5C2FC99E20B9693000C99D5F /* ToiletTableViewCell.swift in Sources */ = {isa = PBXBuildFile; fileRef = 5C2FC99D20B9692F00C99D5F /* ToiletTableViewCell.swift */; };
		5C2FC9A020B9694A00C99D5F /* Toilet.swift in Sources */ = {isa = PBXBuildFile; fileRef = 5C2FC99F20B9694A00C99D5F /* Toilet.swift */; };
		5C2FC9A320B9A19A00C99D5F /* Attribute.swift in Sources */ = {isa = PBXBuildFile; fileRef = 5C2FC9A220B9A19A00C99D5F /* Attribute.swift */; };
		5C2FC9A620B9ABC800C99D5F /* ToiletDetailsViewController.swift in Sources */ = {isa = PBXBuildFile; fileRef = 5C2FC9A520B9ABC800C99D5F /* ToiletDetailsViewController.swift */; };
		5C2FC9A920B9B1B000C99D5F /* Colors.swift in Sources */ = {isa = PBXBuildFile; fileRef = 5C2FC9A820B9B1B000C99D5F /* Colors.swift */; };
		7FAA5E75A14C3B1DB561D63F /* Pods_ToiletBookUITests.framework in Frameworks */ = {isa = PBXBuildFile; fileRef = E48CD078F13F73BBD41A4B42 /* Pods_ToiletBookUITests.framework */; };
		98677F9FB686EB7B09C256FC /* Pods_ToiletBookTests.framework in Frameworks */ = {isa = PBXBuildFile; fileRef = 99DFACD242F0C0CBE1AC8328 /* Pods_ToiletBookTests.framework */; };
		9AB82BC7BFECBD1058178608 /* Pods_ToiletBook.framework in Frameworks */ = {isa = PBXBuildFile; fileRef = 8CB805785C8F6ADD02CC3DE6 /* Pods_ToiletBook.framework */; };
/* End PBXBuildFile section */

/* Begin PBXContainerItemProxy section */
		5C2FC95420B91EEE00C99D5F /* PBXContainerItemProxy */ = {
			isa = PBXContainerItemProxy;
			containerPortal = 5C2FC93720B91EED00C99D5F /* Project object */;
			proxyType = 1;
			remoteGlobalIDString = 5C2FC93E20B91EED00C99D5F;
			remoteInfo = ToiletBook;
		};
		5C2FC95F20B91EEE00C99D5F /* PBXContainerItemProxy */ = {
			isa = PBXContainerItemProxy;
			containerPortal = 5C2FC93720B91EED00C99D5F /* Project object */;
			proxyType = 1;
			remoteGlobalIDString = 5C2FC93E20B91EED00C99D5F;
			remoteInfo = ToiletBook;
		};
/* End PBXContainerItemProxy section */

/* Begin PBXFileReference section */
		1BCC956BB986250EB1FF3C23 /* Pods-ToiletBookUITests.debug.xcconfig */ = {isa = PBXFileReference; includeInIndex = 1; lastKnownFileType = text.xcconfig; name = "Pods-ToiletBookUITests.debug.xcconfig"; path = "Pods/Target Support Files/Pods-ToiletBookUITests/Pods-ToiletBookUITests.debug.xcconfig"; sourceTree = "<group>"; };
		5C2FC93F20B91EED00C99D5F /* ToiletBook.app */ = {isa = PBXFileReference; explicitFileType = wrapper.application; includeInIndex = 0; path = ToiletBook.app; sourceTree = BUILT_PRODUCTS_DIR; };
		5C2FC94220B91EED00C99D5F /* AppDelegate.swift */ = {isa = PBXFileReference; lastKnownFileType = sourcecode.swift; path = AppDelegate.swift; sourceTree = "<group>"; };
		5C2FC94920B91EEE00C99D5F /* Assets.xcassets */ = {isa = PBXFileReference; lastKnownFileType = folder.assetcatalog; path = Assets.xcassets; sourceTree = "<group>"; };
		5C2FC94C20B91EEE00C99D5F /* Base */ = {isa = PBXFileReference; lastKnownFileType = file.storyboard; name = Base; path = Base.lproj/LaunchScreen.storyboard; sourceTree = "<group>"; };
		5C2FC94E20B91EEE00C99D5F /* Info.plist */ = {isa = PBXFileReference; lastKnownFileType = text.plist.xml; path = Info.plist; sourceTree = "<group>"; };
		5C2FC95320B91EEE00C99D5F /* ToiletBookTests.xctest */ = {isa = PBXFileReference; explicitFileType = wrapper.cfbundle; includeInIndex = 0; path = ToiletBookTests.xctest; sourceTree = BUILT_PRODUCTS_DIR; };
		5C2FC95720B91EEE00C99D5F /* ToiletBookTests.swift */ = {isa = PBXFileReference; lastKnownFileType = sourcecode.swift; path = ToiletBookTests.swift; sourceTree = "<group>"; };
		5C2FC95920B91EEE00C99D5F /* Info.plist */ = {isa = PBXFileReference; lastKnownFileType = text.plist.xml; path = Info.plist; sourceTree = "<group>"; };
		5C2FC95E20B91EEE00C99D5F /* ToiletBookUITests.xctest */ = {isa = PBXFileReference; explicitFileType = wrapper.cfbundle; includeInIndex = 0; path = ToiletBookUITests.xctest; sourceTree = BUILT_PRODUCTS_DIR; };
		5C2FC96220B91EEE00C99D5F /* ToiletBookUITests.swift */ = {isa = PBXFileReference; lastKnownFileType = sourcecode.swift; path = ToiletBookUITests.swift; sourceTree = "<group>"; };
		5C2FC96420B91EEE00C99D5F /* Info.plist */ = {isa = PBXFileReference; lastKnownFileType = text.plist.xml; path = Info.plist; sourceTree = "<group>"; };
		5C2FC97120B9218C00C99D5F /* NetworkManager.swift */ = {isa = PBXFileReference; lastKnownFileType = sourcecode.swift; path = NetworkManager.swift; sourceTree = "<group>"; };
		5C2FC97620B9261300C99D5F /* Washroom.swift */ = {isa = PBXFileReference; lastKnownFileType = sourcecode.swift; path = Washroom.swift; sourceTree = "<group>"; };
		5C2FC97820B9318700C99D5F /* String+.swift */ = {isa = PBXFileReference; lastKnownFileType = sourcecode.swift; path = "String+.swift"; sourceTree = "<group>"; };
		5C2FC97E20B93B0700C99D5F /* LandingPageViewController.swift */ = {isa = PBXFileReference; lastKnownFileType = sourcecode.swift; path = LandingPageViewController.swift; sourceTree = "<group>"; };
		5C2FC98020B93B1000C99D5F /* LandingPage.storyboard */ = {isa = PBXFileReference; lastKnownFileType = file.storyboard; path = LandingPage.storyboard; sourceTree = "<group>"; };
		5C2FC98620B945CC00C99D5F /* LandingPageTableViewCell.swift */ = {isa = PBXFileReference; lastKnownFileType = sourcecode.swift; path = LandingPageTableViewCell.swift; sourceTree = "<group>"; };
		5C2FC98720B945CC00C99D5F /* LandingPageTableViewCell.xib */ = {isa = PBXFileReference; lastKnownFileType = file.xib; path = LandingPageTableViewCell.xib; sourceTree = "<group>"; };
		5C2FC98A20B947EC00C99D5F /* Establishment.swift */ = {isa = PBXFileReference; lastKnownFileType = sourcecode.swift; path = Establishment.swift; sourceTree = "<group>"; };
		5C2FC98F20B9566800C99D5F /* ToiletsViewController.swift */ = {isa = PBXFileReference; lastKnownFileType = sourcecode.swift; path = ToiletsViewController.swift; sourceTree = "<group>"; };
		5C2FC99220B95C8C00C99D5F /* ToiletTableViewCell.xib */ = {isa = PBXFileReference; lastKnownFileType = file.xib; path = ToiletTableViewCell.xib; sourceTree = "<group>"; };
		5C2FC99920B9627900C99D5F /* StarView.swift */ = {isa = PBXFileReference; lastKnownFileType = sourcecode.swift; path = StarView.swift; sourceTree = "<group>"; };
		5C2FC99B20B9632800C99D5F /* StarView.xib */ = {isa = PBXFileReference; lastKnownFileType = file.xib; path = StarView.xib; sourceTree = "<group>"; };
		5C2FC99D20B9692F00C99D5F /* ToiletTableViewCell.swift */ = {isa = PBXFileReference; fileEncoding = 4; lastKnownFileType = sourcecode.swift; path = ToiletTableViewCell.swift; sourceTree = "<group>"; };
		5C2FC99F20B9694A00C99D5F /* Toilet.swift */ = {isa = PBXFileReference; lastKnownFileType = sourcecode.swift; path = Toilet.swift; sourceTree = "<group>"; };
		5C2FC9A220B9A19A00C99D5F /* Attribute.swift */ = {isa = PBXFileReference; lastKnownFileType = sourcecode.swift; path = Attribute.swift; sourceTree = "<group>"; };
		5C2FC9A520B9ABC800C99D5F /* ToiletDetailsViewController.swift */ = {isa = PBXFileReference; lastKnownFileType = sourcecode.swift; path = ToiletDetailsViewController.swift; sourceTree = "<group>"; };
		5C2FC9A820B9B1B000C99D5F /* Colors.swift */ = {isa = PBXFileReference; lastKnownFileType = sourcecode.swift; path = Colors.swift; sourceTree = "<group>"; };
		5D2ED5AF636E01C90105E3E0 /* Pods-ToiletBook.debug.xcconfig */ = {isa = PBXFileReference; includeInIndex = 1; lastKnownFileType = text.xcconfig; name = "Pods-ToiletBook.debug.xcconfig"; path = "Pods/Target Support Files/Pods-ToiletBook/Pods-ToiletBook.debug.xcconfig"; sourceTree = "<group>"; };
		69A0022750869C8D4A94FD7F /* Pods-ToiletBookTests.debug.xcconfig */ = {isa = PBXFileReference; includeInIndex = 1; lastKnownFileType = text.xcconfig; name = "Pods-ToiletBookTests.debug.xcconfig"; path = "Pods/Target Support Files/Pods-ToiletBookTests/Pods-ToiletBookTests.debug.xcconfig"; sourceTree = "<group>"; };
		8C82D03EF803CE230E89EB7E /* Pods-ToiletBookTests.release.xcconfig */ = {isa = PBXFileReference; includeInIndex = 1; lastKnownFileType = text.xcconfig; name = "Pods-ToiletBookTests.release.xcconfig"; path = "Pods/Target Support Files/Pods-ToiletBookTests/Pods-ToiletBookTests.release.xcconfig"; sourceTree = "<group>"; };
		8CB805785C8F6ADD02CC3DE6 /* Pods_ToiletBook.framework */ = {isa = PBXFileReference; explicitFileType = wrapper.framework; includeInIndex = 0; path = Pods_ToiletBook.framework; sourceTree = BUILT_PRODUCTS_DIR; };
		99DFACD242F0C0CBE1AC8328 /* Pods_ToiletBookTests.framework */ = {isa = PBXFileReference; explicitFileType = wrapper.framework; includeInIndex = 0; path = Pods_ToiletBookTests.framework; sourceTree = BUILT_PRODUCTS_DIR; };
		A9E54D03FA5F4EA459AE07CA /* Pods-ToiletBook.release.xcconfig */ = {isa = PBXFileReference; includeInIndex = 1; lastKnownFileType = text.xcconfig; name = "Pods-ToiletBook.release.xcconfig"; path = "Pods/Target Support Files/Pods-ToiletBook/Pods-ToiletBook.release.xcconfig"; sourceTree = "<group>"; };
		AC9D168F5312DB095EBD1EA8 /* Pods-ToiletBookUITests.release.xcconfig */ = {isa = PBXFileReference; includeInIndex = 1; lastKnownFileType = text.xcconfig; name = "Pods-ToiletBookUITests.release.xcconfig"; path = "Pods/Target Support Files/Pods-ToiletBookUITests/Pods-ToiletBookUITests.release.xcconfig"; sourceTree = "<group>"; };
		E48CD078F13F73BBD41A4B42 /* Pods_ToiletBookUITests.framework */ = {isa = PBXFileReference; explicitFileType = wrapper.framework; includeInIndex = 0; path = Pods_ToiletBookUITests.framework; sourceTree = BUILT_PRODUCTS_DIR; };
/* End PBXFileReference section */

/* Begin PBXFrameworksBuildPhase section */
		5C2FC93C20B91EED00C99D5F /* Frameworks */ = {
			isa = PBXFrameworksBuildPhase;
			buildActionMask = 2147483647;
			files = (
				9AB82BC7BFECBD1058178608 /* Pods_ToiletBook.framework in Frameworks */,
			);
			runOnlyForDeploymentPostprocessing = 0;
		};
		5C2FC95020B91EEE00C99D5F /* Frameworks */ = {
			isa = PBXFrameworksBuildPhase;
			buildActionMask = 2147483647;
			files = (
				98677F9FB686EB7B09C256FC /* Pods_ToiletBookTests.framework in Frameworks */,
			);
			runOnlyForDeploymentPostprocessing = 0;
		};
		5C2FC95B20B91EEE00C99D5F /* Frameworks */ = {
			isa = PBXFrameworksBuildPhase;
			buildActionMask = 2147483647;
			files = (
				7FAA5E75A14C3B1DB561D63F /* Pods_ToiletBookUITests.framework in Frameworks */,
			);
			runOnlyForDeploymentPostprocessing = 0;
		};
/* End PBXFrameworksBuildPhase section */

/* Begin PBXGroup section */
		5C2FC93620B91EED00C99D5F = {
			isa = PBXGroup;
			children = (
				5C2FC94120B91EED00C99D5F /* ToiletBook */,
				5C2FC95620B91EEE00C99D5F /* ToiletBookTests */,
				5C2FC96120B91EEE00C99D5F /* ToiletBookUITests */,
				5C2FC94020B91EED00C99D5F /* Products */,
				6854DF5DDD30B0702470E894 /* Pods */,
				EFAE8CFDCF164DF7AF445313 /* Frameworks */,
			);
			sourceTree = "<group>";
		};
		5C2FC94020B91EED00C99D5F /* Products */ = {
			isa = PBXGroup;
			children = (
				5C2FC93F20B91EED00C99D5F /* ToiletBook.app */,
				5C2FC95320B91EEE00C99D5F /* ToiletBookTests.xctest */,
				5C2FC95E20B91EEE00C99D5F /* ToiletBookUITests.xctest */,
			);
			name = Products;
			sourceTree = "<group>";
		};
		5C2FC94120B91EED00C99D5F /* ToiletBook */ = {
			isa = PBXGroup;
			children = (
				5C2FC9A720B9B1A800C99D5F /* Colors */,
				5C2FC99720B961C500C99D5F /* Star View */,
				5C2FC98520B9455900C99D5F /* Table View Cells */,
				5C2FC97320B9232800C99D5F /* Models */,
				5C2FC97020B9214100C99D5F /* NetworkManager */,
				5C2FC98320B93D1500C99D5F /* Extensions */,
				5C2FC97B20B9396000C99D5F /* App */,
				5C2FC97A20B9395500C99D5F /* Res */,
				5C2FC97C20B9397800C99D5F /* Supporting Files */,
			);
			path = ToiletBook;
			sourceTree = "<group>";
		};
		5C2FC95620B91EEE00C99D5F /* ToiletBookTests */ = {
			isa = PBXGroup;
			children = (
				5C2FC95720B91EEE00C99D5F /* ToiletBookTests.swift */,
				5C2FC95920B91EEE00C99D5F /* Info.plist */,
			);
			path = ToiletBookTests;
			sourceTree = "<group>";
		};
		5C2FC96120B91EEE00C99D5F /* ToiletBookUITests */ = {
			isa = PBXGroup;
			children = (
				5C2FC96220B91EEE00C99D5F /* ToiletBookUITests.swift */,
				5C2FC96420B91EEE00C99D5F /* Info.plist */,
			);
			path = ToiletBookUITests;
			sourceTree = "<group>";
		};
		5C2FC97020B9214100C99D5F /* NetworkManager */ = {
			isa = PBXGroup;
			children = (
				5C2FC97120B9218C00C99D5F /* NetworkManager.swift */,
			);
			path = NetworkManager;
			sourceTree = "<group>";
		};
		5C2FC97320B9232800C99D5F /* Models */ = {
			isa = PBXGroup;
			children = (
				5C2FC97620B9261300C99D5F /* Washroom.swift */,
				5C2FC98A20B947EC00C99D5F /* Establishment.swift */,
				5C2FC99F20B9694A00C99D5F /* Toilet.swift */,
				5C2FC9A220B9A19A00C99D5F /* Attribute.swift */,
			);
			path = Models;
			sourceTree = "<group>";
		};
		5C2FC97A20B9395500C99D5F /* Res */ = {
			isa = PBXGroup;
			children = (
				5C2FC94B20B91EEE00C99D5F /* LaunchScreen.storyboard */,
				5C2FC94920B91EEE00C99D5F /* Assets.xcassets */,
			);
			path = Res;
			sourceTree = "<group>";
		};
		5C2FC97B20B9396000C99D5F /* App */ = {
			isa = PBXGroup;
			children = (
				5C2FC94220B91EED00C99D5F /* AppDelegate.swift */,
				5C2FC97D20B93AEF00C99D5F /* landing_page */,
			);
			path = App;
			sourceTree = "<group>";
		};
		5C2FC97C20B9397800C99D5F /* Supporting Files */ = {
			isa = PBXGroup;
			children = (
				5C2FC94E20B91EEE00C99D5F /* Info.plist */,
			);
			path = "Supporting Files";
			sourceTree = "<group>";
		};
		5C2FC97D20B93AEF00C99D5F /* landing_page */ = {
			isa = PBXGroup;
			children = (
				5C2FC98020B93B1000C99D5F /* LandingPage.storyboard */,
				5C2FC9A420B9A9CF00C99D5F /* toilet_details */,
				5C2FC98D20B9563C00C99D5F /* landing_page */,
				5C2FC98E20B9564A00C99D5F /* toilets */,
			);
			path = landing_page;
			sourceTree = "<group>";
		};
		5C2FC98320B93D1500C99D5F /* Extensions */ = {
			isa = PBXGroup;
			children = (
				5C2FC97820B9318700C99D5F /* String+.swift */,
			);
			path = Extensions;
			sourceTree = "<group>";
		};
		5C2FC98520B9455900C99D5F /* Table View Cells */ = {
			isa = PBXGroup;
			children = (
				5C2FC99620B95CD200C99D5F /* toilet_table */,
				5C2FC99520B95C9000C99D5F /* landing_table */,
			);
			path = "Table View Cells";
			sourceTree = "<group>";
		};
		5C2FC98D20B9563C00C99D5F /* landing_page */ = {
			isa = PBXGroup;
			children = (
				5C2FC97E20B93B0700C99D5F /* LandingPageViewController.swift */,
			);
			path = landing_page;
			sourceTree = "<group>";
		};
		5C2FC98E20B9564A00C99D5F /* toilets */ = {
			isa = PBXGroup;
			children = (
				5C2FC98F20B9566800C99D5F /* ToiletsViewController.swift */,
			);
			path = toilets;
			sourceTree = "<group>";
		};
		5C2FC99520B95C9000C99D5F /* landing_table */ = {
			isa = PBXGroup;
			children = (
				5C2FC98720B945CC00C99D5F /* LandingPageTableViewCell.xib */,
				5C2FC98620B945CC00C99D5F /* LandingPageTableViewCell.swift */,
			);
			path = landing_table;
			sourceTree = "<group>";
		};
		5C2FC99620B95CD200C99D5F /* toilet_table */ = {
			isa = PBXGroup;
			children = (
				5C2FC99D20B9692F00C99D5F /* ToiletTableViewCell.swift */,
				5C2FC99220B95C8C00C99D5F /* ToiletTableViewCell.xib */,
			);
			path = toilet_table;
			sourceTree = "<group>";
		};
		5C2FC99720B961C500C99D5F /* Star View */ = {
			isa = PBXGroup;
			children = (
				5C2FC99920B9627900C99D5F /* StarView.swift */,
				5C2FC99B20B9632800C99D5F /* StarView.xib */,
			);
			path = "Star View";
			sourceTree = "<group>";
		};
		5C2FC9A420B9A9CF00C99D5F /* toilet_details */ = {
			isa = PBXGroup;
			children = (
				5C2FC9A520B9ABC800C99D5F /* ToiletDetailsViewController.swift */,
			);
			path = toilet_details;
			sourceTree = "<group>";
		};
		5C2FC9A720B9B1A800C99D5F /* Colors */ = {
			isa = PBXGroup;
			children = (
				5C2FC9A820B9B1B000C99D5F /* Colors.swift */,
			);
			path = Colors;
			sourceTree = "<group>";
		};
		6854DF5DDD30B0702470E894 /* Pods */ = {
			isa = PBXGroup;
			children = (
				5D2ED5AF636E01C90105E3E0 /* Pods-ToiletBook.debug.xcconfig */,
				A9E54D03FA5F4EA459AE07CA /* Pods-ToiletBook.release.xcconfig */,
				69A0022750869C8D4A94FD7F /* Pods-ToiletBookTests.debug.xcconfig */,
				8C82D03EF803CE230E89EB7E /* Pods-ToiletBookTests.release.xcconfig */,
				1BCC956BB986250EB1FF3C23 /* Pods-ToiletBookUITests.debug.xcconfig */,
				AC9D168F5312DB095EBD1EA8 /* Pods-ToiletBookUITests.release.xcconfig */,
			);
			name = Pods;
			sourceTree = "<group>";
		};
		EFAE8CFDCF164DF7AF445313 /* Frameworks */ = {
			isa = PBXGroup;
			children = (
				8CB805785C8F6ADD02CC3DE6 /* Pods_ToiletBook.framework */,
				99DFACD242F0C0CBE1AC8328 /* Pods_ToiletBookTests.framework */,
				E48CD078F13F73BBD41A4B42 /* Pods_ToiletBookUITests.framework */,
			);
			name = Frameworks;
			sourceTree = "<group>";
		};
/* End PBXGroup section */

/* Begin PBXNativeTarget section */
		5C2FC93E20B91EED00C99D5F /* ToiletBook */ = {
			isa = PBXNativeTarget;
			buildConfigurationList = 5C2FC96720B91EEE00C99D5F /* Build configuration list for PBXNativeTarget "ToiletBook" */;
			buildPhases = (
				45E77564CC1D0D862F196B4B /* [CP] Check Pods Manifest.lock */,
				5C2FC93B20B91EED00C99D5F /* Sources */,
				5C2FC93C20B91EED00C99D5F /* Frameworks */,
				5C2FC93D20B91EED00C99D5F /* Resources */,
				47DB65F41DD359F5FCADF690 /* [CP] Embed Pods Frameworks */,
			);
			buildRules = (
			);
			dependencies = (
			);
			name = ToiletBook;
			productName = ToiletBook;
			productReference = 5C2FC93F20B91EED00C99D5F /* ToiletBook.app */;
			productType = "com.apple.product-type.application";
		};
		5C2FC95220B91EEE00C99D5F /* ToiletBookTests */ = {
			isa = PBXNativeTarget;
			buildConfigurationList = 5C2FC96A20B91EEE00C99D5F /* Build configuration list for PBXNativeTarget "ToiletBookTests" */;
			buildPhases = (
				DFA7679FA03532C239B7D24D /* [CP] Check Pods Manifest.lock */,
				5C2FC94F20B91EEE00C99D5F /* Sources */,
				5C2FC95020B91EEE00C99D5F /* Frameworks */,
				5C2FC95120B91EEE00C99D5F /* Resources */,
			);
			buildRules = (
			);
			dependencies = (
				5C2FC95520B91EEE00C99D5F /* PBXTargetDependency */,
			);
			name = ToiletBookTests;
			productName = ToiletBookTests;
			productReference = 5C2FC95320B91EEE00C99D5F /* ToiletBookTests.xctest */;
			productType = "com.apple.product-type.bundle.unit-test";
		};
		5C2FC95D20B91EEE00C99D5F /* ToiletBookUITests */ = {
			isa = PBXNativeTarget;
			buildConfigurationList = 5C2FC96D20B91EEE00C99D5F /* Build configuration list for PBXNativeTarget "ToiletBookUITests" */;
			buildPhases = (
				56A9B9ACD8C4DA8011A2B17A /* [CP] Check Pods Manifest.lock */,
				5C2FC95A20B91EEE00C99D5F /* Sources */,
				5C2FC95B20B91EEE00C99D5F /* Frameworks */,
				5C2FC95C20B91EEE00C99D5F /* Resources */,
			);
			buildRules = (
			);
			dependencies = (
				5C2FC96020B91EEE00C99D5F /* PBXTargetDependency */,
			);
			name = ToiletBookUITests;
			productName = ToiletBookUITests;
			productReference = 5C2FC95E20B91EEE00C99D5F /* ToiletBookUITests.xctest */;
			productType = "com.apple.product-type.bundle.ui-testing";
		};
/* End PBXNativeTarget section */

/* Begin PBXProject section */
		5C2FC93720B91EED00C99D5F /* Project object */ = {
			isa = PBXProject;
			attributes = {
				LastSwiftUpdateCheck = 0930;
				LastUpgradeCheck = 0930;
				ORGANIZATIONNAME = "Toilet Book Team";
				TargetAttributes = {
					5C2FC93E20B91EED00C99D5F = {
						CreatedOnToolsVersion = 9.3;
					};
					5C2FC95220B91EEE00C99D5F = {
						CreatedOnToolsVersion = 9.3;
						TestTargetID = 5C2FC93E20B91EED00C99D5F;
					};
					5C2FC95D20B91EEE00C99D5F = {
						CreatedOnToolsVersion = 9.3;
						TestTargetID = 5C2FC93E20B91EED00C99D5F;
					};
				};
			};
			buildConfigurationList = 5C2FC93A20B91EED00C99D5F /* Build configuration list for PBXProject "ToiletBook" */;
			compatibilityVersion = "Xcode 9.3";
			developmentRegion = en;
			hasScannedForEncodings = 0;
			knownRegions = (
				en,
				Base,
			);
			mainGroup = 5C2FC93620B91EED00C99D5F;
			productRefGroup = 5C2FC94020B91EED00C99D5F /* Products */;
			projectDirPath = "";
			projectRoot = "";
			targets = (
				5C2FC93E20B91EED00C99D5F /* ToiletBook */,
				5C2FC95220B91EEE00C99D5F /* ToiletBookTests */,
				5C2FC95D20B91EEE00C99D5F /* ToiletBookUITests */,
			);
		};
/* End PBXProject section */

/* Begin PBXResourcesBuildPhase section */
		5C2FC93D20B91EED00C99D5F /* Resources */ = {
			isa = PBXResourcesBuildPhase;
			buildActionMask = 2147483647;
			files = (
				5C2FC99420B95C8C00C99D5F /* ToiletTableViewCell.xib in Resources */,
				5C2FC98120B93B1000C99D5F /* LandingPage.storyboard in Resources */,
				5C2FC94D20B91EEE00C99D5F /* LaunchScreen.storyboard in Resources */,
				5C2FC98920B945CC00C99D5F /* LandingPageTableViewCell.xib in Resources */,
				5C2FC99C20B9632800C99D5F /* StarView.xib in Resources */,
				5C2FC94A20B91EEE00C99D5F /* Assets.xcassets in Resources */,
			);
			runOnlyForDeploymentPostprocessing = 0;
		};
		5C2FC95120B91EEE00C99D5F /* Resources */ = {
			isa = PBXResourcesBuildPhase;
			buildActionMask = 2147483647;
			files = (
			);
			runOnlyForDeploymentPostprocessing = 0;
		};
		5C2FC95C20B91EEE00C99D5F /* Resources */ = {
			isa = PBXResourcesBuildPhase;
			buildActionMask = 2147483647;
			files = (
			);
			runOnlyForDeploymentPostprocessing = 0;
		};
/* End PBXResourcesBuildPhase section */

/* Begin PBXShellScriptBuildPhase section */
		45E77564CC1D0D862F196B4B /* [CP] Check Pods Manifest.lock */ = {
			isa = PBXShellScriptBuildPhase;
			buildActionMask = 2147483647;
			files = (
			);
			inputPaths = (
				"${PODS_PODFILE_DIR_PATH}/Podfile.lock",
				"${PODS_ROOT}/Manifest.lock",
			);
			name = "[CP] Check Pods Manifest.lock";
			outputPaths = (
				"$(DERIVED_FILE_DIR)/Pods-ToiletBook-checkManifestLockResult.txt",
			);
			runOnlyForDeploymentPostprocessing = 0;
			shellPath = /bin/sh;
			shellScript = "diff \"${PODS_PODFILE_DIR_PATH}/Podfile.lock\" \"${PODS_ROOT}/Manifest.lock\" > /dev/null\nif [ $? != 0 ] ; then\n    # print error to STDERR\n    echo \"error: The sandbox is not in sync with the Podfile.lock. Run 'pod install' or update your CocoaPods installation.\" >&2\n    exit 1\nfi\n# This output is used by Xcode 'outputs' to avoid re-running this script phase.\necho \"SUCCESS\" > \"${SCRIPT_OUTPUT_FILE_0}\"\n";
			showEnvVarsInLog = 0;
		};
		47DB65F41DD359F5FCADF690 /* [CP] Embed Pods Frameworks */ = {
			isa = PBXShellScriptBuildPhase;
			buildActionMask = 2147483647;
			files = (
			);
			inputPaths = (
				"${SRCROOT}/Pods/Target Support Files/Pods-ToiletBook/Pods-ToiletBook-frameworks.sh",
				"${BUILT_PRODUCTS_DIR}/Alamofire/Alamofire.framework",
				"${BUILT_PRODUCTS_DIR}/AlamofireObjectMapper/AlamofireObjectMapper.framework",
				"${BUILT_PRODUCTS_DIR}/ObjectMapper/ObjectMapper.framework",
			);
			name = "[CP] Embed Pods Frameworks";
			outputPaths = (
				"${TARGET_BUILD_DIR}/${FRAMEWORKS_FOLDER_PATH}/Alamofire.framework",
				"${TARGET_BUILD_DIR}/${FRAMEWORKS_FOLDER_PATH}/AlamofireObjectMapper.framework",
				"${TARGET_BUILD_DIR}/${FRAMEWORKS_FOLDER_PATH}/ObjectMapper.framework",
			);
			runOnlyForDeploymentPostprocessing = 0;
			shellPath = /bin/sh;
			shellScript = "\"${SRCROOT}/Pods/Target Support Files/Pods-ToiletBook/Pods-ToiletBook-frameworks.sh\"\n";
			showEnvVarsInLog = 0;
		};
		56A9B9ACD8C4DA8011A2B17A /* [CP] Check Pods Manifest.lock */ = {
			isa = PBXShellScriptBuildPhase;
			buildActionMask = 2147483647;
			files = (
			);
			inputPaths = (
				"${PODS_PODFILE_DIR_PATH}/Podfile.lock",
				"${PODS_ROOT}/Manifest.lock",
			);
			name = "[CP] Check Pods Manifest.lock";
			outputPaths = (
				"$(DERIVED_FILE_DIR)/Pods-ToiletBookUITests-checkManifestLockResult.txt",
			);
			runOnlyForDeploymentPostprocessing = 0;
			shellPath = /bin/sh;
			shellScript = "diff \"${PODS_PODFILE_DIR_PATH}/Podfile.lock\" \"${PODS_ROOT}/Manifest.lock\" > /dev/null\nif [ $? != 0 ] ; then\n    # print error to STDERR\n    echo \"error: The sandbox is not in sync with the Podfile.lock. Run 'pod install' or update your CocoaPods installation.\" >&2\n    exit 1\nfi\n# This output is used by Xcode 'outputs' to avoid re-running this script phase.\necho \"SUCCESS\" > \"${SCRIPT_OUTPUT_FILE_0}\"\n";
			showEnvVarsInLog = 0;
		};
		DFA7679FA03532C239B7D24D /* [CP] Check Pods Manifest.lock */ = {
			isa = PBXShellScriptBuildPhase;
			buildActionMask = 2147483647;
			files = (
			);
			inputPaths = (
				"${PODS_PODFILE_DIR_PATH}/Podfile.lock",
				"${PODS_ROOT}/Manifest.lock",
			);
			name = "[CP] Check Pods Manifest.lock";
			outputPaths = (
				"$(DERIVED_FILE_DIR)/Pods-ToiletBookTests-checkManifestLockResult.txt",
			);
			runOnlyForDeploymentPostprocessing = 0;
			shellPath = /bin/sh;
			shellScript = "diff \"${PODS_PODFILE_DIR_PATH}/Podfile.lock\" \"${PODS_ROOT}/Manifest.lock\" > /dev/null\nif [ $? != 0 ] ; then\n    # print error to STDERR\n    echo \"error: The sandbox is not in sync with the Podfile.lock. Run 'pod install' or update your CocoaPods installation.\" >&2\n    exit 1\nfi\n# This output is used by Xcode 'outputs' to avoid re-running this script phase.\necho \"SUCCESS\" > \"${SCRIPT_OUTPUT_FILE_0}\"\n";
			showEnvVarsInLog = 0;
		};
/* End PBXShellScriptBuildPhase section */

/* Begin PBXSourcesBuildPhase section */
		5C2FC93B20B91EED00C99D5F /* Sources */ = {
			isa = PBXSourcesBuildPhase;
			buildActionMask = 2147483647;
			files = (
				5C2FC97F20B93B0700C99D5F /* LandingPageViewController.swift in Sources */,
				5C2FC99020B9566800C99D5F /* ToiletsViewController.swift in Sources */,
				5C2FC99E20B9693000C99D5F /* ToiletTableViewCell.swift in Sources */,
				5C2FC9A920B9B1B000C99D5F /* Colors.swift in Sources */,
				5C2FC97220B9218C00C99D5F /* NetworkManager.swift in Sources */,
				5C2FC97920B9318700C99D5F /* String+.swift in Sources */,
				5C2FC97720B9261300C99D5F /* Washroom.swift in Sources */,
				5C2FC9A320B9A19A00C99D5F /* Attribute.swift in Sources */,
				5C2FC9A020B9694A00C99D5F /* Toilet.swift in Sources */,
				5C2FC98820B945CC00C99D5F /* LandingPageTableViewCell.swift in Sources */,
				5C2FC94320B91EED00C99D5F /* AppDelegate.swift in Sources */,
				5C2FC99A20B9627900C99D5F /* StarView.swift in Sources */,
				5C2FC9A620B9ABC800C99D5F /* ToiletDetailsViewController.swift in Sources */,
				5C2FC98B20B947EC00C99D5F /* Establishment.swift in Sources */,
			);
			runOnlyForDeploymentPostprocessing = 0;
		};
		5C2FC94F20B91EEE00C99D5F /* Sources */ = {
			isa = PBXSourcesBuildPhase;
			buildActionMask = 2147483647;
			files = (
				5C2FC95820B91EEE00C99D5F /* ToiletBookTests.swift in Sources */,
			);
			runOnlyForDeploymentPostprocessing = 0;
		};
		5C2FC95A20B91EEE00C99D5F /* Sources */ = {
			isa = PBXSourcesBuildPhase;
			buildActionMask = 2147483647;
			files = (
				5C2FC96320B91EEE00C99D5F /* ToiletBookUITests.swift in Sources */,
			);
			runOnlyForDeploymentPostprocessing = 0;
		};
/* End PBXSourcesBuildPhase section */

/* Begin PBXTargetDependency section */
		5C2FC95520B91EEE00C99D5F /* PBXTargetDependency */ = {
			isa = PBXTargetDependency;
			target = 5C2FC93E20B91EED00C99D5F /* ToiletBook */;
			targetProxy = 5C2FC95420B91EEE00C99D5F /* PBXContainerItemProxy */;
		};
		5C2FC96020B91EEE00C99D5F /* PBXTargetDependency */ = {
			isa = PBXTargetDependency;
			target = 5C2FC93E20B91EED00C99D5F /* ToiletBook */;
			targetProxy = 5C2FC95F20B91EEE00C99D5F /* PBXContainerItemProxy */;
		};
/* End PBXTargetDependency section */

/* Begin PBXVariantGroup section */
		5C2FC94B20B91EEE00C99D5F /* LaunchScreen.storyboard */ = {
			isa = PBXVariantGroup;
			children = (
				5C2FC94C20B91EEE00C99D5F /* Base */,
			);
			name = LaunchScreen.storyboard;
			sourceTree = "<group>";
		};
/* End PBXVariantGroup section */

/* Begin XCBuildConfiguration section */
		5C2FC96520B91EEE00C99D5F /* Debug */ = {
			isa = XCBuildConfiguration;
			buildSettings = {
				ALWAYS_SEARCH_USER_PATHS = NO;
				CLANG_ANALYZER_NONNULL = YES;
				CLANG_ANALYZER_NUMBER_OBJECT_CONVERSION = YES_AGGRESSIVE;
				CLANG_CXX_LANGUAGE_STANDARD = "gnu++14";
				CLANG_CXX_LIBRARY = "libc++";
				CLANG_ENABLE_MODULES = YES;
				CLANG_ENABLE_OBJC_ARC = YES;
				CLANG_ENABLE_OBJC_WEAK = YES;
				CLANG_WARN_BLOCK_CAPTURE_AUTORELEASING = YES;
				CLANG_WARN_BOOL_CONVERSION = YES;
				CLANG_WARN_COMMA = YES;
				CLANG_WARN_CONSTANT_CONVERSION = YES;
				CLANG_WARN_DEPRECATED_OBJC_IMPLEMENTATIONS = YES;
				CLANG_WARN_DIRECT_OBJC_ISA_USAGE = YES_ERROR;
				CLANG_WARN_DOCUMENTATION_COMMENTS = YES;
				CLANG_WARN_EMPTY_BODY = YES;
				CLANG_WARN_ENUM_CONVERSION = YES;
				CLANG_WARN_INFINITE_RECURSION = YES;
				CLANG_WARN_INT_CONVERSION = YES;
				CLANG_WARN_NON_LITERAL_NULL_CONVERSION = YES;
				CLANG_WARN_OBJC_IMPLICIT_RETAIN_SELF = YES;
				CLANG_WARN_OBJC_LITERAL_CONVERSION = YES;
				CLANG_WARN_OBJC_ROOT_CLASS = YES_ERROR;
				CLANG_WARN_RANGE_LOOP_ANALYSIS = YES;
				CLANG_WARN_STRICT_PROTOTYPES = YES;
				CLANG_WARN_SUSPICIOUS_MOVE = YES;
				CLANG_WARN_UNGUARDED_AVAILABILITY = YES_AGGRESSIVE;
				CLANG_WARN_UNREACHABLE_CODE = YES;
				CLANG_WARN__DUPLICATE_METHOD_MATCH = YES;
				CODE_SIGN_IDENTITY = "iPhone Developer";
				COPY_PHASE_STRIP = NO;
				DEBUG_INFORMATION_FORMAT = dwarf;
				ENABLE_STRICT_OBJC_MSGSEND = YES;
				ENABLE_TESTABILITY = YES;
				GCC_C_LANGUAGE_STANDARD = gnu11;
				GCC_DYNAMIC_NO_PIC = NO;
				GCC_NO_COMMON_BLOCKS = YES;
				GCC_OPTIMIZATION_LEVEL = 0;
				GCC_PREPROCESSOR_DEFINITIONS = (
					"DEBUG=1",
					"$(inherited)",
				);
				GCC_WARN_64_TO_32_BIT_CONVERSION = YES;
				GCC_WARN_ABOUT_RETURN_TYPE = YES_ERROR;
				GCC_WARN_UNDECLARED_SELECTOR = YES;
				GCC_WARN_UNINITIALIZED_AUTOS = YES_AGGRESSIVE;
				GCC_WARN_UNUSED_FUNCTION = YES;
				GCC_WARN_UNUSED_VARIABLE = YES;
				IPHONEOS_DEPLOYMENT_TARGET = 11.3;
				MTL_ENABLE_DEBUG_INFO = YES;
				ONLY_ACTIVE_ARCH = YES;
				SDKROOT = iphoneos;
				SWIFT_ACTIVE_COMPILATION_CONDITIONS = DEBUG;
				SWIFT_OPTIMIZATION_LEVEL = "-Onone";
			};
			name = Debug;
		};
		5C2FC96620B91EEE00C99D5F /* Release */ = {
			isa = XCBuildConfiguration;
			buildSettings = {
				ALWAYS_SEARCH_USER_PATHS = NO;
				CLANG_ANALYZER_NONNULL = YES;
				CLANG_ANALYZER_NUMBER_OBJECT_CONVERSION = YES_AGGRESSIVE;
				CLANG_CXX_LANGUAGE_STANDARD = "gnu++14";
				CLANG_CXX_LIBRARY = "libc++";
				CLANG_ENABLE_MODULES = YES;
				CLANG_ENABLE_OBJC_ARC = YES;
				CLANG_ENABLE_OBJC_WEAK = YES;
				CLANG_WARN_BLOCK_CAPTURE_AUTORELEASING = YES;
				CLANG_WARN_BOOL_CONVERSION = YES;
				CLANG_WARN_COMMA = YES;
				CLANG_WARN_CONSTANT_CONVERSION = YES;
				CLANG_WARN_DEPRECATED_OBJC_IMPLEMENTATIONS = YES;
				CLANG_WARN_DIRECT_OBJC_ISA_USAGE = YES_ERROR;
				CLANG_WARN_DOCUMENTATION_COMMENTS = YES;
				CLANG_WARN_EMPTY_BODY = YES;
				CLANG_WARN_ENUM_CONVERSION = YES;
				CLANG_WARN_INFINITE_RECURSION = YES;
				CLANG_WARN_INT_CONVERSION = YES;
				CLANG_WARN_NON_LITERAL_NULL_CONVERSION = YES;
				CLANG_WARN_OBJC_IMPLICIT_RETAIN_SELF = YES;
				CLANG_WARN_OBJC_LITERAL_CONVERSION = YES;
				CLANG_WARN_OBJC_ROOT_CLASS = YES_ERROR;
				CLANG_WARN_RANGE_LOOP_ANALYSIS = YES;
				CLANG_WARN_STRICT_PROTOTYPES = YES;
				CLANG_WARN_SUSPICIOUS_MOVE = YES;
				CLANG_WARN_UNGUARDED_AVAILABILITY = YES_AGGRESSIVE;
				CLANG_WARN_UNREACHABLE_CODE = YES;
				CLANG_WARN__DUPLICATE_METHOD_MATCH = YES;
				CODE_SIGN_IDENTITY = "iPhone Developer";
				COPY_PHASE_STRIP = NO;
				DEBUG_INFORMATION_FORMAT = "dwarf-with-dsym";
				ENABLE_NS_ASSERTIONS = NO;
				ENABLE_STRICT_OBJC_MSGSEND = YES;
				GCC_C_LANGUAGE_STANDARD = gnu11;
				GCC_NO_COMMON_BLOCKS = YES;
				GCC_WARN_64_TO_32_BIT_CONVERSION = YES;
				GCC_WARN_ABOUT_RETURN_TYPE = YES_ERROR;
				GCC_WARN_UNDECLARED_SELECTOR = YES;
				GCC_WARN_UNINITIALIZED_AUTOS = YES_AGGRESSIVE;
				GCC_WARN_UNUSED_FUNCTION = YES;
				GCC_WARN_UNUSED_VARIABLE = YES;
				IPHONEOS_DEPLOYMENT_TARGET = 11.3;
				MTL_ENABLE_DEBUG_INFO = NO;
				SDKROOT = iphoneos;
				SWIFT_COMPILATION_MODE = wholemodule;
				SWIFT_OPTIMIZATION_LEVEL = "-O";
				VALIDATE_PRODUCT = YES;
			};
			name = Release;
		};
		5C2FC96820B91EEE00C99D5F /* Debug */ = {
			isa = XCBuildConfiguration;
			baseConfigurationReference = 5D2ED5AF636E01C90105E3E0 /* Pods-ToiletBook.debug.xcconfig */;
			buildSettings = {
				ASSETCATALOG_COMPILER_APPICON_NAME = AppIcon;
				CODE_SIGN_STYLE = Automatic;
				DEVELOPMENT_TEAM = 34CMTG6FJ9;
				INFOPLIST_FILE = "$(SRCROOT)/ToiletBook/Supporting Files/Info.plist";
				LD_RUNPATH_SEARCH_PATHS = (
					"$(inherited)",
					"@executable_path/Frameworks",
				);
				PRODUCT_BUNDLE_IDENTIFIER = ph.ToiletBookTeam.ToiletBook;
				PRODUCT_NAME = "$(TARGET_NAME)";
				SWIFT_VERSION = 3.0;
				TARGETED_DEVICE_FAMILY = "1,2";
			};
			name = Debug;
		};
		5C2FC96920B91EEE00C99D5F /* Release */ = {
			isa = XCBuildConfiguration;
			baseConfigurationReference = A9E54D03FA5F4EA459AE07CA /* Pods-ToiletBook.release.xcconfig */;
			buildSettings = {
				ASSETCATALOG_COMPILER_APPICON_NAME = AppIcon;
				CODE_SIGN_STYLE = Automatic;
				DEVELOPMENT_TEAM = 34CMTG6FJ9;
				INFOPLIST_FILE = "$(SRCROOT)/ToiletBook/Supporting Files/Info.plist";
				LD_RUNPATH_SEARCH_PATHS = (
					"$(inherited)",
					"@executable_path/Frameworks",
				);
				PRODUCT_BUNDLE_IDENTIFIER = ph.ToiletBookTeam.ToiletBook;
				PRODUCT_NAME = "$(TARGET_NAME)";
				SWIFT_VERSION = 3.0;
				TARGETED_DEVICE_FAMILY = "1,2";
			};
			name = Release;
		};
		5C2FC96B20B91EEE00C99D5F /* Debug */ = {
			isa = XCBuildConfiguration;
			baseConfigurationReference = 69A0022750869C8D4A94FD7F /* Pods-ToiletBookTests.debug.xcconfig */;
			buildSettings = {
				ALWAYS_EMBED_SWIFT_STANDARD_LIBRARIES = YES;
				BUNDLE_LOADER = "$(TEST_HOST)";
				CODE_SIGN_STYLE = Automatic;
				DEVELOPMENT_TEAM = 34CMTG6FJ9;
				INFOPLIST_FILE = ToiletBookTests/Info.plist;
				LD_RUNPATH_SEARCH_PATHS = (
					"$(inherited)",
					"@executable_path/Frameworks",
					"@loader_path/Frameworks",
				);
				PRODUCT_BUNDLE_IDENTIFIER = ph.ToiletBookTeam.ToiletBookTests;
				PRODUCT_NAME = "$(TARGET_NAME)";
				SWIFT_VERSION = 4.0;
				TARGETED_DEVICE_FAMILY = "1,2";
				TEST_HOST = "$(BUILT_PRODUCTS_DIR)/ToiletBook.app/ToiletBook";
			};
			name = Debug;
		};
		5C2FC96C20B91EEE00C99D5F /* Release */ = {
			isa = XCBuildConfiguration;
			baseConfigurationReference = 8C82D03EF803CE230E89EB7E /* Pods-ToiletBookTests.release.xcconfig */;
			buildSettings = {
				ALWAYS_EMBED_SWIFT_STANDARD_LIBRARIES = YES;
				BUNDLE_LOADER = "$(TEST_HOST)";
				CODE_SIGN_STYLE = Automatic;
				DEVELOPMENT_TEAM = 34CMTG6FJ9;
				INFOPLIST_FILE = ToiletBookTests/Info.plist;
				LD_RUNPATH_SEARCH_PATHS = (
					"$(inherited)",
					"@executable_path/Frameworks",
					"@loader_path/Frameworks",
				);
				PRODUCT_BUNDLE_IDENTIFIER = ph.ToiletBookTeam.ToiletBookTests;
				PRODUCT_NAME = "$(TARGET_NAME)";
				SWIFT_VERSION = 4.0;
				TARGETED_DEVICE_FAMILY = "1,2";
				TEST_HOST = "$(BUILT_PRODUCTS_DIR)/ToiletBook.app/ToiletBook";
			};
			name = Release;
		};
		5C2FC96E20B91EEE00C99D5F /* Debug */ = {
			isa = XCBuildConfiguration;
			baseConfigurationReference = 1BCC956BB986250EB1FF3C23 /* Pods-ToiletBookUITests.debug.xcconfig */;
			buildSettings = {
				ALWAYS_EMBED_SWIFT_STANDARD_LIBRARIES = YES;
				CODE_SIGN_STYLE = Automatic;
				DEVELOPMENT_TEAM = 34CMTG6FJ9;
				INFOPLIST_FILE = ToiletBookUITests/Info.plist;
				LD_RUNPATH_SEARCH_PATHS = (
					"$(inherited)",
					"@executable_path/Frameworks",
					"@loader_path/Frameworks",
				);
				PRODUCT_BUNDLE_IDENTIFIER = ph.ToiletBookTeam.ToiletBookUITests;
				PRODUCT_NAME = "$(TARGET_NAME)";
				SWIFT_VERSION = 4.0;
				TARGETED_DEVICE_FAMILY = "1,2";
				TEST_TARGET_NAME = ToiletBook;
			};
			name = Debug;
		};
		5C2FC96F20B91EEE00C99D5F /* Release */ = {
			isa = XCBuildConfiguration;
			baseConfigurationReference = AC9D168F5312DB095EBD1EA8 /* Pods-ToiletBookUITests.release.xcconfig */;
			buildSettings = {
				ALWAYS_EMBED_SWIFT_STANDARD_LIBRARIES = YES;
				CODE_SIGN_STYLE = Automatic;
				DEVELOPMENT_TEAM = 34CMTG6FJ9;
				INFOPLIST_FILE = ToiletBookUITests/Info.plist;
				LD_RUNPATH_SEARCH_PATHS = (
					"$(inherited)",
					"@executable_path/Frameworks",
					"@loader_path/Frameworks",
				);
				PRODUCT_BUNDLE_IDENTIFIER = ph.ToiletBookTeam.ToiletBookUITests;
				PRODUCT_NAME = "$(TARGET_NAME)";
				SWIFT_VERSION = 4.0;
				TARGETED_DEVICE_FAMILY = "1,2";
				TEST_TARGET_NAME = ToiletBook;
			};
			name = Release;
		};
/* End XCBuildConfiguration section */

/* Begin XCConfigurationList section */
		5C2FC93A20B91EED00C99D5F /* Build configuration list for PBXProject "ToiletBook" */ = {
			isa = XCConfigurationList;
			buildConfigurations = (
				5C2FC96520B91EEE00C99D5F /* Debug */,
				5C2FC96620B91EEE00C99D5F /* Release */,
			);
			defaultConfigurationIsVisible = 0;
			defaultConfigurationName = Release;
		};
		5C2FC96720B91EEE00C99D5F /* Build configuration list for PBXNativeTarget "ToiletBook" */ = {
			isa = XCConfigurationList;
			buildConfigurations = (
				5C2FC96820B91EEE00C99D5F /* Debug */,
				5C2FC96920B91EEE00C99D5F /* Release */,
			);
			defaultConfigurationIsVisible = 0;
			defaultConfigurationName = Release;
		};
		5C2FC96A20B91EEE00C99D5F /* Build configuration list for PBXNativeTarget "ToiletBookTests" */ = {
			isa = XCConfigurationList;
			buildConfigurations = (
				5C2FC96B20B91EEE00C99D5F /* Debug */,
				5C2FC96C20B91EEE00C99D5F /* Release */,
			);
			defaultConfigurationIsVisible = 0;
			defaultConfigurationName = Release;
		};
		5C2FC96D20B91EEE00C99D5F /* Build configuration list for PBXNativeTarget "ToiletBookUITests" */ = {
			isa = XCConfigurationList;
			buildConfigurations = (
				5C2FC96E20B91EEE00C99D5F /* Debug */,
				5C2FC96F20B91EEE00C99D5F /* Release */,
			);
			defaultConfigurationIsVisible = 0;
			defaultConfigurationName = Release;
		};
/* End XCConfigurationList section */
	};
	rootObject = 5C2FC93720B91EED00C99D5F /* Project object */;
}
